// !$*UTF8*$!
{
	archiveVersion = 1;
	classes = {
	};
	objectVersion = 46;
	objects = {

/* Begin PBXBuildFile section */
		9A22555119EDB67F00098868 /* Filter.swift in Sources */ = {isa = PBXBuildFile; fileRef = 9A22555019EDB67F00098868 /* Filter.swift */; };
		9A22555319EDC26500098868 /* FilterCell.swift in Sources */ = {isa = PBXBuildFile; fileRef = 9A22555219EDC26500098868 /* FilterCell.swift */; };
		9A22555519EDCE9D00098868 /* ThumbnailGenerator.swift in Sources */ = {isa = PBXBuildFile; fileRef = 9A22555419EDCE9D00098868 /* ThumbnailGenerator.swift */; };
		9A22555919EDD05C00098868 /* UIImage+Filterama.m in Sources */ = {isa = PBXBuildFile; fileRef = 9A22555819EDD05C00098868 /* UIImage+Filterama.m */; };
		9A41914B19EDAFF100BF03C5 /* PersistenceManager.swift in Sources */ = {isa = PBXBuildFile; fileRef = 9A41914A19EDAFF100BF03C5 /* PersistenceManager.swift */; };
		9A5062C319EC3B2A00D0FCD6 /* AppDelegate.swift in Sources */ = {isa = PBXBuildFile; fileRef = 9A5062C219EC3B2A00D0FCD6 /* AppDelegate.swift */; };
		9A5062C619EC3B2A00D0FCD6 /* Filterama.xcdatamodeld in Sources */ = {isa = PBXBuildFile; fileRef = 9A5062C419EC3B2A00D0FCD6 /* Filterama.xcdatamodeld */; };
		9A5062CB19EC3B2A00D0FCD6 /* Main.storyboard in Resources */ = {isa = PBXBuildFile; fileRef = 9A5062C919EC3B2A00D0FCD6 /* Main.storyboard */; };
		9A5062CD19EC3B2A00D0FCD6 /* Images.xcassets in Resources */ = {isa = PBXBuildFile; fileRef = 9A5062CC19EC3B2A00D0FCD6 /* Images.xcassets */; };
		9A5062D019EC3B2A00D0FCD6 /* LaunchScreen.xib in Resources */ = {isa = PBXBuildFile; fileRef = 9A5062CE19EC3B2A00D0FCD6 /* LaunchScreen.xib */; };
		9A5062DC19EC3B2A00D0FCD6 /* FilteramaTests.swift in Sources */ = {isa = PBXBuildFile; fileRef = 9A5062DB19EC3B2A00D0FCD6 /* FilteramaTests.swift */; };
		9A5062E619EC3CC500D0FCD6 /* GalleryViewController.swift in Sources */ = {isa = PBXBuildFile; fileRef = 9A5062E519EC3CC500D0FCD6 /* GalleryViewController.swift */; };
		9A5062E919EC426800D0FCD6 /* GalleryCell.swift in Sources */ = {isa = PBXBuildFile; fileRef = 9A5062E819EC426800D0FCD6 /* GalleryCell.swift */; };
		9A5062EF19EC65D300D0FCD6 /* HomeViewController.swift in Sources */ = {isa = PBXBuildFile; fileRef = 9A5062EE19EC65D300D0FCD6 /* HomeViewController.swift */; };
		9AD0FC3819EC80EF0064302C /* pic01.jpg in Resources */ = {isa = PBXBuildFile; fileRef = 9AD0FC3319EC80EF0064302C /* pic01.jpg */; };
		9AD0FC3919EC80EF0064302C /* pic02.jpg in Resources */ = {isa = PBXBuildFile; fileRef = 9AD0FC3419EC80EF0064302C /* pic02.jpg */; };
		9AD0FC3A19EC80EF0064302C /* pic03.jpg in Resources */ = {isa = PBXBuildFile; fileRef = 9AD0FC3519EC80EF0064302C /* pic03.jpg */; };
		9AD0FC3B19EC80EF0064302C /* pic04.jpg in Resources */ = {isa = PBXBuildFile; fileRef = 9AD0FC3619EC80EF0064302C /* pic04.jpg */; };
		9AD0FC3C19EC80EF0064302C /* pic05.jpg in Resources */ = {isa = PBXBuildFile; fileRef = 9AD0FC3719EC80EF0064302C /* pic05.jpg */; };
/* End PBXBuildFile section */

/* Begin PBXContainerItemProxy section */
		9A5062D619EC3B2A00D0FCD6 /* PBXContainerItemProxy */ = {
			isa = PBXContainerItemProxy;
			containerPortal = 9A5062B519EC3B2A00D0FCD6 /* Project object */;
			proxyType = 1;
			remoteGlobalIDString = 9A5062BC19EC3B2A00D0FCD6;
			remoteInfo = Filterama;
		};
/* End PBXContainerItemProxy section */

/* Begin PBXFileReference section */
		9A22555019EDB67F00098868 /* Filter.swift */ = {isa = PBXFileReference; fileEncoding = 4; lastKnownFileType = sourcecode.swift; path = Filter.swift; sourceTree = "<group>"; };
		9A22555219EDC26500098868 /* FilterCell.swift */ = {isa = PBXFileReference; fileEncoding = 4; lastKnownFileType = sourcecode.swift; path = FilterCell.swift; sourceTree = "<group>"; };
		9A22555419EDCE9D00098868 /* ThumbnailGenerator.swift */ = {isa = PBXFileReference; fileEncoding = 4; lastKnownFileType = sourcecode.swift; path = ThumbnailGenerator.swift; sourceTree = "<group>"; };
		9A22555619EDD05C00098868 /* Filterama-Bridging-Header.h */ = {isa = PBXFileReference; lastKnownFileType = sourcecode.c.h; path = "Filterama-Bridging-Header.h"; sourceTree = "<group>"; };
		9A22555719EDD05C00098868 /* UIImage+Filterama.h */ = {isa = PBXFileReference; fileEncoding = 4; lastKnownFileType = sourcecode.c.h; path = "UIImage+Filterama.h"; sourceTree = "<group>"; };
		9A22555819EDD05C00098868 /* UIImage+Filterama.m */ = {isa = PBXFileReference; fileEncoding = 4; lastKnownFileType = sourcecode.c.objc; path = "UIImage+Filterama.m"; sourceTree = "<group>"; };
		9A41914A19EDAFF100BF03C5 /* PersistenceManager.swift */ = {isa = PBXFileReference; fileEncoding = 4; lastKnownFileType = sourcecode.swift; path = PersistenceManager.swift; sourceTree = "<group>"; };
		9A5062BD19EC3B2A00D0FCD6 /* Filterama.app */ = {isa = PBXFileReference; explicitFileType = wrapper.application; includeInIndex = 0; path = Filterama.app; sourceTree = BUILT_PRODUCTS_DIR; };
		9A5062C119EC3B2A00D0FCD6 /* Info.plist */ = {isa = PBXFileReference; lastKnownFileType = text.plist.xml; path = Info.plist; sourceTree = "<group>"; };
		9A5062C219EC3B2A00D0FCD6 /* AppDelegate.swift */ = {isa = PBXFileReference; lastKnownFileType = sourcecode.swift; path = AppDelegate.swift; sourceTree = "<group>"; };
		9A5062C519EC3B2A00D0FCD6 /* Filterama.xcdatamodel */ = {isa = PBXFileReference; lastKnownFileType = wrapper.xcdatamodel; path = Filterama.xcdatamodel; sourceTree = "<group>"; };
		9A5062CA19EC3B2A00D0FCD6 /* Base */ = {isa = PBXFileReference; lastKnownFileType = file.storyboard; name = Base; path = Base.lproj/Main.storyboard; sourceTree = "<group>"; };
		9A5062CC19EC3B2A00D0FCD6 /* Images.xcassets */ = {isa = PBXFileReference; lastKnownFileType = folder.assetcatalog; path = Images.xcassets; sourceTree = "<group>"; };
		9A5062CF19EC3B2A00D0FCD6 /* Base */ = {isa = PBXFileReference; lastKnownFileType = file.xib; name = Base; path = Base.lproj/LaunchScreen.xib; sourceTree = "<group>"; };
		9A5062D519EC3B2A00D0FCD6 /* FilteramaTests.xctest */ = {isa = PBXFileReference; explicitFileType = wrapper.cfbundle; includeInIndex = 0; path = FilteramaTests.xctest; sourceTree = BUILT_PRODUCTS_DIR; };
		9A5062DA19EC3B2A00D0FCD6 /* Info.plist */ = {isa = PBXFileReference; lastKnownFileType = text.plist.xml; path = Info.plist; sourceTree = "<group>"; };
		9A5062DB19EC3B2A00D0FCD6 /* FilteramaTests.swift */ = {isa = PBXFileReference; lastKnownFileType = sourcecode.swift; path = FilteramaTests.swift; sourceTree = "<group>"; };
		9A5062E519EC3CC500D0FCD6 /* GalleryViewController.swift */ = {isa = PBXFileReference; fileEncoding = 4; lastKnownFileType = sourcecode.swift; path = GalleryViewController.swift; sourceTree = "<group>"; };
		9A5062E819EC426800D0FCD6 /* GalleryCell.swift */ = {isa = PBXFileReference; fileEncoding = 4; lastKnownFileType = sourcecode.swift; path = GalleryCell.swift; sourceTree = "<group>"; };
		9A5062EE19EC65D300D0FCD6 /* HomeViewController.swift */ = {isa = PBXFileReference; fileEncoding = 4; lastKnownFileType = sourcecode.swift; path = HomeViewController.swift; sourceTree = "<group>"; };
		9AD0FC3319EC80EF0064302C /* pic01.jpg */ = {isa = PBXFileReference; lastKnownFileType = image.jpeg; path = pic01.jpg; sourceTree = "<group>"; };
		9AD0FC3419EC80EF0064302C /* pic02.jpg */ = {isa = PBXFileReference; lastKnownFileType = image.jpeg; path = pic02.jpg; sourceTree = "<group>"; };
		9AD0FC3519EC80EF0064302C /* pic03.jpg */ = {isa = PBXFileReference; lastKnownFileType = image.jpeg; path = pic03.jpg; sourceTree = "<group>"; };
		9AD0FC3619EC80EF0064302C /* pic04.jpg */ = {isa = PBXFileReference; lastKnownFileType = image.jpeg; path = pic04.jpg; sourceTree = "<group>"; };
		9AD0FC3719EC80EF0064302C /* pic05.jpg */ = {isa = PBXFileReference; lastKnownFileType = image.jpeg; path = pic05.jpg; sourceTree = "<group>"; };
/* End PBXFileReference section */

/* Begin PBXFrameworksBuildPhase section */
		9A5062BA19EC3B2A00D0FCD6 /* Frameworks */ = {
			isa = PBXFrameworksBuildPhase;
			buildActionMask = 2147483647;
			files = (
			);
			runOnlyForDeploymentPostprocessing = 0;
		};
		9A5062D219EC3B2A00D0FCD6 /* Frameworks */ = {
			isa = PBXFrameworksBuildPhase;
			buildActionMask = 2147483647;
			files = (
			);
			runOnlyForDeploymentPostprocessing = 0;
		};
/* End PBXFrameworksBuildPhase section */

/* Begin PBXGroup section */
		9A22555A19EDD06B00098868 /* Objective-C Code */ = {
			isa = PBXGroup;
			children = (
				9A22555719EDD05C00098868 /* UIImage+Filterama.h */,
				9A22555819EDD05C00098868 /* UIImage+Filterama.m */,
				9A22555619EDD05C00098868 /* Filterama-Bridging-Header.h */,
			);
			name = "Objective-C Code";
			sourceTree = "<group>";
		};
		9A41914C19EDAFF900BF03C5 /* Models */ = {
			isa = PBXGroup;
			children = (
				9A41914A19EDAFF100BF03C5 /* PersistenceManager.swift */,
				9A22555419EDCE9D00098868 /* ThumbnailGenerator.swift */,
				9A22555019EDB67F00098868 /* Filter.swift */,
			);
			name = Models;
			sourceTree = "<group>";
		};
		9A5062B419EC3B2A00D0FCD6 = {
			isa = PBXGroup;
			children = (
				9A5062BF19EC3B2A00D0FCD6 /* Filterama */,
				9A5062D819EC3B2A00D0FCD6 /* FilteramaTests */,
				9A5062BE19EC3B2A00D0FCD6 /* Products */,
			);
			sourceTree = "<group>";
		};
		9A5062BE19EC3B2A00D0FCD6 /* Products */ = {
			isa = PBXGroup;
			children = (
				9A5062BD19EC3B2A00D0FCD6 /* Filterama.app */,
				9A5062D519EC3B2A00D0FCD6 /* FilteramaTests.xctest */,
			);
			name = Products;
			sourceTree = "<group>";
		};
		9A5062BF19EC3B2A00D0FCD6 /* Filterama */ = {
			isa = PBXGroup;
			children = (
				9A5062C219EC3B2A00D0FCD6 /* AppDelegate.swift */,
				9A5062C919EC3B2A00D0FCD6 /* Main.storyboard */,
				9A5062CC19EC3B2A00D0FCD6 /* Images.xcassets */,
				9A5062CE19EC3B2A00D0FCD6 /* LaunchScreen.xib */,
				9A5062C419EC3B2A00D0FCD6 /* Filterama.xcdatamodeld */,
				9A5062C019EC3B2A00D0FCD6 /* Supporting Files */,
				9A5062E719EC422C00D0FCD6 /* View Controllers */,
				9A5062EA19EC427100D0FCD6 /* Views */,
				9A41914C19EDAFF900BF03C5 /* Models */,
				9A22555A19EDD06B00098868 /* Objective-C Code */,
			);
			path = Filterama;
			sourceTree = "<group>";
		};
		9A5062C019EC3B2A00D0FCD6 /* Supporting Files */ = {
			isa = PBXGroup;
			children = (
				9A5062EB19EC456500D0FCD6 /* images */,
				9A5062C119EC3B2A00D0FCD6 /* Info.plist */,
			);
			name = "Supporting Files";
			sourceTree = "<group>";
		};
		9A5062D819EC3B2A00D0FCD6 /* FilteramaTests */ = {
			isa = PBXGroup;
			children = (
				9A5062DB19EC3B2A00D0FCD6 /* FilteramaTests.swift */,
				9A5062D919EC3B2A00D0FCD6 /* Supporting Files */,
			);
			path = FilteramaTests;
			sourceTree = "<group>";
		};
		9A5062D919EC3B2A00D0FCD6 /* Supporting Files */ = {
			isa = PBXGroup;
			children = (
				9A5062DA19EC3B2A00D0FCD6 /* Info.plist */,
			);
			name = "Supporting Files";
			sourceTree = "<group>";
		};
		9A5062E719EC422C00D0FCD6 /* View Controllers */ = {
			isa = PBXGroup;
			children = (
				9A5062E519EC3CC500D0FCD6 /* GalleryViewController.swift */,
				9A5062EE19EC65D300D0FCD6 /* HomeViewController.swift */,
			);
			name = "View Controllers";
			sourceTree = "<group>";
		};
		9A5062EA19EC427100D0FCD6 /* Views */ = {
			isa = PBXGroup;
			children = (
				9A5062E819EC426800D0FCD6 /* GalleryCell.swift */,
				9A22555219EDC26500098868 /* FilterCell.swift */,
			);
			name = Views;
			sourceTree = "<group>";
		};
		9A5062EB19EC456500D0FCD6 /* images */ = {
			isa = PBXGroup;
			children = (
				9AD0FC3319EC80EF0064302C /* pic01.jpg */,
				9AD0FC3419EC80EF0064302C /* pic02.jpg */,
				9AD0FC3519EC80EF0064302C /* pic03.jpg */,
				9AD0FC3619EC80EF0064302C /* pic04.jpg */,
				9AD0FC3719EC80EF0064302C /* pic05.jpg */,
			);
			path = images;
			sourceTree = "<group>";
		};
/* End PBXGroup section */

/* Begin PBXNativeTarget section */
		9A5062BC19EC3B2A00D0FCD6 /* Filterama */ = {
			isa = PBXNativeTarget;
			buildConfigurationList = 9A5062DF19EC3B2A00D0FCD6 /* Build configuration list for PBXNativeTarget "Filterama" */;
			buildPhases = (
				9A5062B919EC3B2A00D0FCD6 /* Sources */,
				9A5062BA19EC3B2A00D0FCD6 /* Frameworks */,
				9A5062BB19EC3B2A00D0FCD6 /* Resources */,
			);
			buildRules = (
			);
			dependencies = (
			);
			name = Filterama;
			productName = Filterama;
			productReference = 9A5062BD19EC3B2A00D0FCD6 /* Filterama.app */;
			productType = "com.apple.product-type.application";
		};
		9A5062D419EC3B2A00D0FCD6 /* FilteramaTests */ = {
			isa = PBXNativeTarget;
			buildConfigurationList = 9A5062E219EC3B2A00D0FCD6 /* Build configuration list for PBXNativeTarget "FilteramaTests" */;
			buildPhases = (
				9A5062D119EC3B2A00D0FCD6 /* Sources */,
				9A5062D219EC3B2A00D0FCD6 /* Frameworks */,
				9A5062D319EC3B2A00D0FCD6 /* Resources */,
			);
			buildRules = (
			);
			dependencies = (
				9A5062D719EC3B2A00D0FCD6 /* PBXTargetDependency */,
			);
			name = FilteramaTests;
			productName = FilteramaTests;
			productReference = 9A5062D519EC3B2A00D0FCD6 /* FilteramaTests.xctest */;
			productType = "com.apple.product-type.bundle.unit-test";
		};
/* End PBXNativeTarget section */

/* Begin PBXProject section */
		9A5062B519EC3B2A00D0FCD6 /* Project object */ = {
			isa = PBXProject;
			attributes = {
				LastUpgradeCheck = 0600;
				ORGANIZATIONNAME = "Alexey Gordiyenko";
				TargetAttributes = {
					9A5062BC19EC3B2A00D0FCD6 = {
						CreatedOnToolsVersion = 6.0.1;
					};
					9A5062D419EC3B2A00D0FCD6 = {
						CreatedOnToolsVersion = 6.0.1;
						TestTargetID = 9A5062BC19EC3B2A00D0FCD6;
					};
				};
			};
			buildConfigurationList = 9A5062B819EC3B2A00D0FCD6 /* Build configuration list for PBXProject "Filterama" */;
			compatibilityVersion = "Xcode 3.2";
			developmentRegion = English;
			hasScannedForEncodings = 0;
			knownRegions = (
				en,
				Base,
			);
			mainGroup = 9A5062B419EC3B2A00D0FCD6;
			productRefGroup = 9A5062BE19EC3B2A00D0FCD6 /* Products */;
			projectDirPath = "";
			projectRoot = "";
			targets = (
				9A5062BC19EC3B2A00D0FCD6 /* Filterama */,
				9A5062D419EC3B2A00D0FCD6 /* FilteramaTests */,
			);
		};
/* End PBXProject section */

/* Begin PBXResourcesBuildPhase section */
		9A5062BB19EC3B2A00D0FCD6 /* Resources */ = {
			isa = PBXResourcesBuildPhase;
			buildActionMask = 2147483647;
			files = (
				9A5062CB19EC3B2A00D0FCD6 /* Main.storyboard in Resources */,
				9AD0FC3C19EC80EF0064302C /* pic05.jpg in Resources */,
				9AD0FC3819EC80EF0064302C /* pic01.jpg in Resources */,
				9A5062D019EC3B2A00D0FCD6 /* LaunchScreen.xib in Resources */,
				9A5062CD19EC3B2A00D0FCD6 /* Images.xcassets in Resources */,
				9AD0FC3B19EC80EF0064302C /* pic04.jpg in Resources */,
				9AD0FC3919EC80EF0064302C /* pic02.jpg in Resources */,
				9AD0FC3A19EC80EF0064302C /* pic03.jpg in Resources */,
			);
			runOnlyForDeploymentPostprocessing = 0;
		};
		9A5062D319EC3B2A00D0FCD6 /* Resources */ = {
			isa = PBXResourcesBuildPhase;
			buildActionMask = 2147483647;
			files = (
			);
			runOnlyForDeploymentPostprocessing = 0;
		};
/* End PBXResourcesBuildPhase section */

/* Begin PBXSourcesBuildPhase section */
		9A5062B919EC3B2A00D0FCD6 /* Sources */ = {
			isa = PBXSourcesBuildPhase;
			buildActionMask = 2147483647;
			files = (
				9A22555119EDB67F00098868 /* Filter.swift in Sources */,
				9A22555919EDD05C00098868 /* UIImage+Filterama.m in Sources */,
				9A22555319EDC26500098868 /* FilterCell.swift in Sources */,
				9A5062EF19EC65D300D0FCD6 /* HomeViewController.swift in Sources */,
				9A5062E919EC426800D0FCD6 /* GalleryCell.swift in Sources */,
				9A5062E619EC3CC500D0FCD6 /* GalleryViewController.swift in Sources */,
				9A22555519EDCE9D00098868 /* ThumbnailGenerator.swift in Sources */,
				9A41914B19EDAFF100BF03C5 /* PersistenceManager.swift in Sources */,
				9A5062C319EC3B2A00D0FCD6 /* AppDelegate.swift in Sources */,
				9A5062C619EC3B2A00D0FCD6 /* Filterama.xcdatamodeld in Sources */,
			);
			runOnlyForDeploymentPostprocessing = 0;
		};
		9A5062D119EC3B2A00D0FCD6 /* Sources */ = {
			isa = PBXSourcesBuildPhase;
			buildActionMask = 2147483647;
			files = (
				9A5062DC19EC3B2A00D0FCD6 /* FilteramaTests.swift in Sources */,
			);
			runOnlyForDeploymentPostprocessing = 0;
		};
/* End PBXSourcesBuildPhase section */

/* Begin PBXTargetDependency section */
		9A5062D719EC3B2A00D0FCD6 /* PBXTargetDependency */ = {
			isa = PBXTargetDependency;
			target = 9A5062BC19EC3B2A00D0FCD6 /* Filterama */;
			targetProxy = 9A5062D619EC3B2A00D0FCD6 /* PBXContainerItemProxy */;
		};
/* End PBXTargetDependency section */

/* Begin PBXVariantGroup section */
		9A5062C919EC3B2A00D0FCD6 /* Main.storyboard */ = {
			isa = PBXVariantGroup;
			children = (
				9A5062CA19EC3B2A00D0FCD6 /* Base */,
			);
			name = Main.storyboard;
			sourceTree = "<group>";
		};
		9A5062CE19EC3B2A00D0FCD6 /* LaunchScreen.xib */ = {
			isa = PBXVariantGroup;
			children = (
				9A5062CF19EC3B2A00D0FCD6 /* Base */,
			);
			name = LaunchScreen.xib;
			sourceTree = "<group>";
		};
/* End PBXVariantGroup section */

/* Begin XCBuildConfiguration section */
		9A5062DD19EC3B2A00D0FCD6 /* Debug */ = {
			isa = XCBuildConfiguration;
			buildSettings = {
				ALWAYS_SEARCH_USER_PATHS = NO;
				CLANG_CXX_LANGUAGE_STANDARD = "gnu++0x";
				CLANG_CXX_LIBRARY = "libc++";
				CLANG_ENABLE_MODULES = YES;
				CLANG_ENABLE_OBJC_ARC = YES;
				CLANG_WARN_BOOL_CONVERSION = YES;
				CLANG_WARN_CONSTANT_CONVERSION = YES;
				CLANG_WARN_DIRECT_OBJC_ISA_USAGE = YES_ERROR;
				CLANG_WARN_EMPTY_BODY = YES;
				CLANG_WARN_ENUM_CONVERSION = YES;
				CLANG_WARN_INT_CONVERSION = YES;
				CLANG_WARN_OBJC_ROOT_CLASS = YES_ERROR;
				CLANG_WARN_UNREACHABLE_CODE = YES;
				CLANG_WARN__DUPLICATE_METHOD_MATCH = YES;
				"CODE_SIGN_IDENTITY[sdk=iphoneos*]" = "iPhone Developer";
				COPY_PHASE_STRIP = NO;
				ENABLE_STRICT_OBJC_MSGSEND = YES;
				GCC_C_LANGUAGE_STANDARD = gnu99;
				GCC_DYNAMIC_NO_PIC = NO;
				GCC_OPTIMIZATION_LEVEL = 0;
				GCC_PREPROCESSOR_DEFINITIONS = (
					"DEBUG=1",
					"$(inherited)",
				);
				GCC_SYMBOLS_PRIVATE_EXTERN = NO;
				GCC_WARN_64_TO_32_BIT_CONVERSION = YES;
				GCC_WARN_ABOUT_RETURN_TYPE = YES_ERROR;
				GCC_WARN_UNDECLARED_SELECTOR = YES;
				GCC_WARN_UNINITIALIZED_AUTOS = YES_AGGRESSIVE;
				GCC_WARN_UNUSED_FUNCTION = YES;
				GCC_WARN_UNUSED_VARIABLE = YES;
				IPHONEOS_DEPLOYMENT_TARGET = 8.0;
				MTL_ENABLE_DEBUG_INFO = YES;
				ONLY_ACTIVE_ARCH = YES;
				SDKROOT = iphoneos;
				SWIFT_OPTIMIZATION_LEVEL = "-Onone";
				TARGETED_DEVICE_FAMILY = "1,2";
			};
			name = Debug;
		};
		9A5062DE19EC3B2A00D0FCD6 /* Release */ = {
			isa = XCBuildConfiguration;
			buildSettings = {
				ALWAYS_SEARCH_USER_PATHS = NO;
				CLANG_CXX_LANGUAGE_STANDARD = "gnu++0x";
				CLANG_CXX_LIBRARY = "libc++";
				CLANG_ENABLE_MODULES = YES;
				CLANG_ENABLE_OBJC_ARC = YES;
				CLANG_WARN_BOOL_CONVERSION = YES;
				CLANG_WARN_CONSTANT_CONVERSION = YES;
				CLANG_WARN_DIRECT_OBJC_ISA_USAGE = YES_ERROR;
				CLANG_WARN_EMPTY_BODY = YES;
				CLANG_WARN_ENUM_CONVERSION = YES;
				CLANG_WARN_INT_CONVERSION = YES;
				CLANG_WARN_OBJC_ROOT_CLASS = YES_ERROR;
				CLANG_WARN_UNREACHABLE_CODE = YES;
				CLANG_WARN__DUPLICATE_METHOD_MATCH = YES;
				"CODE_SIGN_IDENTITY[sdk=iphoneos*]" = "iPhone Developer";
				COPY_PHASE_STRIP = YES;
				ENABLE_NS_ASSERTIONS = NO;
				ENABLE_STRICT_OBJC_MSGSEND = YES;
				GCC_C_LANGUAGE_STANDARD = gnu99;
				GCC_WARN_64_TO_32_BIT_CONVERSION = YES;
				GCC_WARN_ABOUT_RETURN_TYPE = YES_ERROR;
				GCC_WARN_UNDECLARED_SELECTOR = YES;
				GCC_WARN_UNINITIALIZED_AUTOS = YES_AGGRESSIVE;
				GCC_WARN_UNUSED_FUNCTION = YES;
				GCC_WARN_UNUSED_VARIABLE = YES;
				IPHONEOS_DEPLOYMENT_TARGET = 8.0;
				MTL_ENABLE_DEBUG_INFO = NO;
				SDKROOT = iphoneos;
				TARGETED_DEVICE_FAMILY = "1,2";
				VALIDATE_PRODUCT = YES;
			};
			name = Release;
		};
		9A5062E019EC3B2A00D0FCD6 /* Debug */ = {
			isa = XCBuildConfiguration;
			buildSettings = {
				ASSETCATALOG_COMPILER_APPICON_NAME = AppIcon;
				CLANG_ENABLE_MODULES = YES;
				INFOPLIST_FILE = Filterama/Info.plist;
				LD_RUNPATH_SEARCH_PATHS = "$(inherited) @executable_path/Frameworks";
				PRODUCT_NAME = "$(TARGET_NAME)";
				SWIFT_OBJC_BRIDGING_HEADER = "Filterama/Filterama-Bridging-Header.h";
				SWIFT_OPTIMIZATION_LEVEL = "-Onone";
			};
			name = Debug;
		};
		9A5062E119EC3B2A00D0FCD6 /* Release */ = {
			isa = XCBuildConfiguration;
			buildSettings = {
				ASSETCATALOG_COMPILER_APPICON_NAME = AppIcon;
				CLANG_ENABLE_MODULES = YES;
				INFOPLIST_FILE = Filterama/Info.plist;
				LD_RUNPATH_SEARCH_PATHS = "$(inherited) @executable_path/Frameworks";
				PRODUCT_NAME = "$(TARGET_NAME)";
				SWIFT_OBJC_BRIDGING_HEADER = "Filterama/Filterama-Bridging-Header.h";
			};
			name = Release;
		};
		9A5062E319EC3B2A00D0FCD6 /* Debug */ = {
			isa = XCBuildConfiguration;
			buildSettings = {
				BUNDLE_LOADER = "$(TEST_HOST)";
				FRAMEWORK_SEARCH_PATHS = (
					"$(SDKROOT)/Developer/Library/Frameworks",
					"$(inherited)",
				);
				GCC_PREPROCESSOR_DEFINITIONS = (
					"DEBUG=1",
					"$(inherited)",
				);
				INFOPLIST_FILE = FilteramaTests/Info.plist;
				LD_RUNPATH_SEARCH_PATHS = "$(inherited) @executable_path/Frameworks @loader_path/Frameworks";
				PRODUCT_NAME = "$(TARGET_NAME)";
				TEST_HOST = "$(BUILT_PRODUCTS_DIR)/Filterama.app/Filterama";
			};
			name = Debug;
		};
		9A5062E419EC3B2A00D0FCD6 /* Release */ = {
			isa = XCBuildConfiguration;
			buildSettings = {
				BUNDLE_LOADER = "$(TEST_HOST)";
				FRAMEWORK_SEARCH_PATHS = (
					"$(SDKROOT)/Developer/Library/Frameworks",
					"$(inherited)",
				);
				INFOPLIST_FILE = FilteramaTests/Info.plist;
				LD_RUNPATH_SEARCH_PATHS = "$(inherited) @executable_path/Frameworks @loader_path/Frameworks";
				PRODUCT_NAME = "$(TARGET_NAME)";
				TEST_HOST = "$(BUILT_PRODUCTS_DIR)/Filterama.app/Filterama";
			};
			name = Release;
		};
/* End XCBuildConfiguration section */

/* Begin XCConfigurationList section */
		9A5062B819EC3B2A00D0FCD6 /* Build configuration list for PBXProject "Filterama" */ = {
			isa = XCConfigurationList;
			buildConfigurations = (
				9A5062DD19EC3B2A00D0FCD6 /* Debug */,
				9A5062DE19EC3B2A00D0FCD6 /* Release */,
			);
			defaultConfigurationIsVisible = 0;
			defaultConfigurationName = Release;
		};
		9A5062DF19EC3B2A00D0FCD6 /* Build configuration list for PBXNativeTarget "Filterama" */ = {
			isa = XCConfigurationList;
			buildConfigurations = (
				9A5062E019EC3B2A00D0FCD6 /* Debug */,
				9A5062E119EC3B2A00D0FCD6 /* Release */,
			);
			defaultConfigurationIsVisible = 0;
			defaultConfigurationName = Release;
		};
		9A5062E219EC3B2A00D0FCD6 /* Build configuration list for PBXNativeTarget "FilteramaTests" */ = {
			isa = XCConfigurationList;
			buildConfigurations = (
				9A5062E319EC3B2A00D0FCD6 /* Debug */,
				9A5062E419EC3B2A00D0FCD6 /* Release */,
			);
			defaultConfigurationIsVisible = 0;
			defaultConfigurationName = Release;
		};
/* End XCConfigurationList section */

/* Begin XCVersionGroup section */
		9A5062C419EC3B2A00D0FCD6 /* Filterama.xcdatamodeld */ = {
			isa = XCVersionGroup;
			children = (
				9A5062C519EC3B2A00D0FCD6 /* Filterama.xcdatamodel */,
			);
			currentVersion = 9A5062C519EC3B2A00D0FCD6 /* Filterama.xcdatamodel */;
			path = Filterama.xcdatamodeld;
			sourceTree = "<group>";
			versionGroupType = wrapper.xcdatamodel;
		};
/* End XCVersionGroup section */
	};
	rootObject = 9A5062B519EC3B2A00D0FCD6 /* Project object */;
}
